PODS:
  - biometric_storage (0.0.1):
    - Flutter
  - Flutter (1.0.0)

DEPENDENCIES:
  - biometric_storage (from `.symlinks/plugins/biometric_storage/ios`)
  - Flutter (from `Flutter`)

EXTERNAL SOURCES:
  biometric_storage:
    :path: ".symlinks/plugins/biometric_storage/ios"
  Flutter:
    :path: Flutter

SPEC CHECKSUMS:
  biometric_storage: b142d2ee2048fb67c4f6054d0308363f3258a9c0
  Flutter: 0e3d915762c693b495b44d77113d4970485de6ec

PODFILE CHECKSUM: c34e2287a9ccaa606aeceab922830efb9a6ff69a

COCOAPODS: 1.8.4
