PODS:
  - biometric_storage (0.0.1):
    - FlutterMacOS
  - FlutterMacOS (1.0.0)

DEPENDENCIES:
  - biometric_storage (from `Flutter/ephemeral/.symlinks/plugins/biometric_storage/macos`)
  - FlutterMacOS (from `Flutter/ephemeral/.symlinks/flutter/darwin-x64-profile`)

EXTERNAL SOURCES:
  biometric_storage:
    :path: Flutter/ephemeral/.symlinks/plugins/biometric_storage/macos
  FlutterMacOS:
    :path: Flutter/ephemeral/.symlinks/flutter/darwin-x64-profile

SPEC CHECKSUMS:
  biometric_storage: ecdb7121134e025b5217a084a5d9aa17d6ec5042
  FlutterMacOS: 15bea8a44d2fa024068daa0140371c020b4b6ff9

PODFILE CHECKSUM: 3d7f23e3a499e4f844c299df7bc01f656165c909

COCOAPODS: 1.8.4
